
Microsoft Visual Studio Solution File, Format Version 12.00
# Visual Studio 15
VisualStudioVersion = 15.0.26124.0
MinimumVisualStudioVersion = 15.0.26124.0
Project("{2150E333-8FDC-42A3-9474-1A3956D46DE8}") = "services", "services", "{6B5379E5-D231-430B-9E14-696DCA316EAF}"
EndProject
Project("{2150E333-8FDC-42A3-9474-1A3956D46DE8}") = "candidate", "candidate", "{70662FD5-2546-4D7F-B8F2-C31CA6D909FD}"
EndProject
Project("{FAE04EC0-301F-11D3-BF4B-00C04F79EFBC}") = "candidate.api", "services\candidate\candidate.api\MicroservicePoc.Service.candidate.api.csproj", "{1CF02CCC-BB6A-454D-A60D-D9B865DE3BA8}"
EndProject
Project("{2150E333-8FDC-42A3-9474-1A3956D46DE8}") = "centre", "centre", "{239E4145-1A85-49DF-AE50-97443956785B}"
EndProject
Project("{FAE04EC0-301F-11D3-BF4B-00C04F79EFBC}") = "centre.api", "services\centre\centre.api\MicroservicePoc.Service.centre.api.csproj", "{0DAC3EB1-1B30-4F9D-BE4F-811BB915BEAD}"
EndProject
Global
	GlobalSection(SolutionConfigurationPlatforms) = preSolution
		Debug|Any CPU = Debug|Any CPU
		Debug|x64 = Debug|x64
		Debug|x86 = Debug|x86
		Release|Any CPU = Release|Any CPU
		Release|x64 = Release|x64
		Release|x86 = Release|x86
	EndGlobalSection
	GlobalSection(SolutionProperties) = preSolution
		HideSolutionNode = FALSE
	EndGlobalSection
	GlobalSection(ProjectConfigurationPlatforms) = postSolution
		{1CF02CCC-BB6A-454D-A60D-D9B865DE3BA8}.Debug|Any CPU.ActiveCfg = Debug|Any CPU
		{1CF02CCC-BB6A-454D-A60D-D9B865DE3BA8}.Debug|Any CPU.Build.0 = Debug|Any CPU
		{1CF02CCC-BB6A-454D-A60D-D9B865DE3BA8}.Debug|x64.ActiveCfg = Debug|Any CPU
		{1CF02CCC-BB6A-454D-A60D-D9B865DE3BA8}.Debug|x64.Build.0 = Debug|Any CPU
		{1CF02CCC-BB6A-454D-A60D-D9B865DE3BA8}.Debug|x86.ActiveCfg = Debug|Any CPU
		{1CF02CCC-BB6A-454D-A60D-D9B865DE3BA8}.Debug|x86.Build.0 = Debug|Any CPU
		{1CF02CCC-BB6A-454D-A60D-D9B865DE3BA8}.Release|Any CPU.ActiveCfg = Release|Any CPU
		{1CF02CCC-BB6A-454D-A60D-D9B865DE3BA8}.Release|Any CPU.Build.0 = Release|Any CPU
		{1CF02CCC-BB6A-454D-A60D-D9B865DE3BA8}.Release|x64.ActiveCfg = Release|Any CPU
		{1CF02CCC-BB6A-454D-A60D-D9B865DE3BA8}.Release|x64.Build.0 = Release|Any CPU
		{1CF02CCC-BB6A-454D-A60D-D9B865DE3BA8}.Release|x86.ActiveCfg = Release|Any CPU
		{1CF02CCC-BB6A-454D-A60D-D9B865DE3BA8}.Release|x86.Build.0 = Release|Any CPU
		{0DAC3EB1-1B30-4F9D-BE4F-811BB915BEAD}.Debug|Any CPU.ActiveCfg = Debug|Any CPU
		{0DAC3EB1-1B30-4F9D-BE4F-811BB915BEAD}.Debug|Any CPU.Build.0 = Debug|Any CPU
		{0DAC3EB1-1B30-4F9D-BE4F-811BB915BEAD}.Debug|x64.ActiveCfg = Debug|Any CPU
		{0DAC3EB1-1B30-4F9D-BE4F-811BB915BEAD}.Debug|x64.Build.0 = Debug|Any CPU
		{0DAC3EB1-1B30-4F9D-BE4F-811BB915BEAD}.Debug|x86.ActiveCfg = Debug|Any CPU
		{0DAC3EB1-1B30-4F9D-BE4F-811BB915BEAD}.Debug|x86.Build.0 = Debug|Any CPU
		{0DAC3EB1-1B30-4F9D-BE4F-811BB915BEAD}.Release|Any CPU.ActiveCfg = Release|Any CPU
		{0DAC3EB1-1B30-4F9D-BE4F-811BB915BEAD}.Release|Any CPU.Build.0 = Release|Any CPU
		{0DAC3EB1-1B30-4F9D-BE4F-811BB915BEAD}.Release|x64.ActiveCfg = Release|Any CPU
		{0DAC3EB1-1B30-4F9D-BE4F-811BB915BEAD}.Release|x64.Build.0 = Release|Any CPU
		{0DAC3EB1-1B30-4F9D-BE4F-811BB915BEAD}.Release|x86.ActiveCfg = Release|Any CPU
		{0DAC3EB1-1B30-4F9D-BE4F-811BB915BEAD}.Release|x86.Build.0 = Release|Any CPU
	EndGlobalSection
	GlobalSection(NestedProjects) = preSolution
		{70662FD5-2546-4D7F-B8F2-C31CA6D909FD} = {6B5379E5-D231-430B-9E14-696DCA316EAF}
		{1CF02CCC-BB6A-454D-A60D-D9B865DE3BA8} = {70662FD5-2546-4D7F-B8F2-C31CA6D909FD}
		{239E4145-1A85-49DF-AE50-97443956785B} = {6B5379E5-D231-430B-9E14-696DCA316EAF}
		{0DAC3EB1-1B30-4F9D-BE4F-811BB915BEAD} = {239E4145-1A85-49DF-AE50-97443956785B}
	EndGlobalSection
EndGlobal
