
Microsoft Visual Studio Solution File, Format Version 12.00
# Visual Studio Version 16
VisualStudioVersion = 16.0.29926.136
MinimumVisualStudioVersion = 15.0.26124.0
Project("{9A19103F-16F7-4668-BE54-9A1E7A4F7556}") = "MicroservicePoc.Service.Entry.Api", "Services\Entry\Entry.Api\MicroservicePoc.Service.Entry.Api.csproj", "{DF65C7B4-CCC7-4855-9C5D-6AA2473C29D0}"
EndProject
Project("{9A19103F-16F7-4668-BE54-9A1E7A4F7556}") = "MicroservicePoc.Service.Entry.Domain", "Services\Entry\Entry.Domain\MicroservicePoc.Service.Entry.Domain.csproj", "{098CD87C-38C4-4895-B1A8-317B0C5B4F5F}"
EndProject
Project("{9A19103F-16F7-4668-BE54-9A1E7A4F7556}") = "MicroservicePoc.Service.Entry.Infrastructure", "Services\Entry\Entry.Infrastructure\MicroservicePoc.Service.Entry.Infrastructure.csproj", "{5B20CDC4-0857-4D6E-97C0-200894DEE562}"
EndProject
Project("{9A19103F-16F7-4668-BE54-9A1E7A4F7556}") = "MicroservicePoc.Service.Candidate.Api", "Services\Candidate\Candidate.Api\MicroservicePoc.Service.Candidate.Api.csproj", "{26336319-DBB9-47EB-9A1B-8AE1393E734B}"
EndProject
Project("{9A19103F-16F7-4668-BE54-9A1E7A4F7556}") = "MicroservicePoc.Service.Centre.Api", "Services\Centre\Centre.Api\MicroservicePoc.Service.Centre.Api.csproj", "{5749A407-543E-452E-B7FD-BEFB1251F6A8}"
EndProject
Project("{9A19103F-16F7-4668-BE54-9A1E7A4F7556}") = "MicroservicePoc.Service.Session.Api", "Services\Session\Session.Api\MicroservicePoc.Service.Session.Api.csproj", "{F6D1A9AB-0A02-40BB-8336-1CD6485DD5A4}"
EndProject
Project("{9A19103F-16F7-4668-BE54-9A1E7A4F7556}") = "MicroservicePoc.Service.Subject.Api", "Services\Subject\Subject.Api\MicroservicePoc.Service.Subject.Api.csproj", "{72E362D4-5014-435A-B8D8-D8DE2C17C9E6}"
EndProject
Global
	GlobalSection(SolutionConfigurationPlatforms) = preSolution
		Debug|Any CPU = Debug|Any CPU
		Release|Any CPU = Release|Any CPU
	EndGlobalSection
	GlobalSection(ProjectConfigurationPlatforms) = postSolution
		{DF65C7B4-CCC7-4855-9C5D-6AA2473C29D0}.Debug|Any CPU.ActiveCfg = Debug|Any CPU
		{DF65C7B4-CCC7-4855-9C5D-6AA2473C29D0}.Debug|Any CPU.Build.0 = Debug|Any CPU
		{DF65C7B4-CCC7-4855-9C5D-6AA2473C29D0}.Release|Any CPU.ActiveCfg = Release|Any CPU
		{DF65C7B4-CCC7-4855-9C5D-6AA2473C29D0}.Release|Any CPU.Build.0 = Release|Any CPU
		{098CD87C-38C4-4895-B1A8-317B0C5B4F5F}.Debug|Any CPU.ActiveCfg = Debug|Any CPU
		{098CD87C-38C4-4895-B1A8-317B0C5B4F5F}.Debug|Any CPU.Build.0 = Debug|Any CPU
		{098CD87C-38C4-4895-B1A8-317B0C5B4F5F}.Release|Any CPU.ActiveCfg = Release|Any CPU
		{098CD87C-38C4-4895-B1A8-317B0C5B4F5F}.Release|Any CPU.Build.0 = Release|Any CPU
		{5B20CDC4-0857-4D6E-97C0-200894DEE562}.Debug|Any CPU.ActiveCfg = Debug|Any CPU
		{5B20CDC4-0857-4D6E-97C0-200894DEE562}.Debug|Any CPU.Build.0 = Debug|Any CPU
		{5B20CDC4-0857-4D6E-97C0-200894DEE562}.Release|Any CPU.ActiveCfg = Release|Any CPU
		{5B20CDC4-0857-4D6E-97C0-200894DEE562}.Release|Any CPU.Build.0 = Release|Any CPU
		{26336319-DBB9-47EB-9A1B-8AE1393E734B}.Debug|Any CPU.ActiveCfg = Debug|Any CPU
		{26336319-DBB9-47EB-9A1B-8AE1393E734B}.Debug|Any CPU.Build.0 = Debug|Any CPU
		{26336319-DBB9-47EB-9A1B-8AE1393E734B}.Release|Any CPU.ActiveCfg = Release|Any CPU
		{26336319-DBB9-47EB-9A1B-8AE1393E734B}.Release|Any CPU.Build.0 = Release|Any CPU
		{5749A407-543E-452E-B7FD-BEFB1251F6A8}.Debug|Any CPU.ActiveCfg = Debug|Any CPU
		{5749A407-543E-452E-B7FD-BEFB1251F6A8}.Debug|Any CPU.Build.0 = Debug|Any CPU
		{5749A407-543E-452E-B7FD-BEFB1251F6A8}.Release|Any CPU.ActiveCfg = Release|Any CPU
		{5749A407-543E-452E-B7FD-BEFB1251F6A8}.Release|Any CPU.Build.0 = Release|Any CPU
		{F6D1A9AB-0A02-40BB-8336-1CD6485DD5A4}.Debug|Any CPU.ActiveCfg = Debug|Any CPU
		{F6D1A9AB-0A02-40BB-8336-1CD6485DD5A4}.Debug|Any CPU.Build.0 = Debug|Any CPU
		{F6D1A9AB-0A02-40BB-8336-1CD6485DD5A4}.Release|Any CPU.ActiveCfg = Release|Any CPU
		{F6D1A9AB-0A02-40BB-8336-1CD6485DD5A4}.Release|Any CPU.Build.0 = Release|Any CPU
		{72E362D4-5014-435A-B8D8-D8DE2C17C9E6}.Debug|Any CPU.ActiveCfg = Debug|Any CPU
		{72E362D4-5014-435A-B8D8-D8DE2C17C9E6}.Debug|Any CPU.Build.0 = Debug|Any CPU
		{72E362D4-5014-435A-B8D8-D8DE2C17C9E6}.Release|Any CPU.ActiveCfg = Release|Any CPU
		{72E362D4-5014-435A-B8D8-D8DE2C17C9E6}.Release|Any CPU.Build.0 = Release|Any CPU
	EndGlobalSection
	GlobalSection(SolutionProperties) = preSolution
		HideSolutionNode = FALSE
	EndGlobalSection
	GlobalSection(ExtensibilityGlobals) = postSolution
		SolutionGuid = {B2DC3FEA-E331-4AFA-9C08-964A4D1EF320}
	EndGlobalSection
EndGlobal
